
Microsoft Visual Studio Solution File, Format Version 12.00
# Visual Studio 14
VisualStudioVersion = 14.0.25420.1
MinimumVisualStudioVersion = 10.0.40219.1
Project("{FAE04EC0-301F-11D3-BF4B-00C04F79EFBC}") = "BlackJackV0", "BlackJackV0\BlackJackV0.csproj", "{C1062C23-0B47-4684-99B1-D18F27AC987F}"
EndProject
Project("{FAE04EC0-301F-11D3-BF4B-00C04F79EFBC}") = "Viiko-Tehtävät", "Viiko-Tehtävät\Viiko-Tehtävät.csproj", "{A2C11D11-D262-4572-8DE9-A6ACE353369A}"
EndProject
Project("{FAE04EC0-301F-11D3-BF4B-00C04F79EFBC}") = "Demo", "Demo\Demo.csproj", "{51BF943B-0CB4-4615-AD8F-ED9FC93D7AD4}"
EndProject
Project("{FAE04EC0-301F-11D3-BF4B-00C04F79EFBC}") = "Viiko-tehtava05", "Viiko-tehtava05\Viiko-tehtava05.csproj", "{D7A49695-5EC3-4E4E-A90E-E3A97750F49C}"
EndProject
Project("{FAE04EC0-301F-11D3-BF4B-00C04F79EFBC}") = "IOtest", "IOtest\IOtest.csproj", "{F6EA9EE7-454F-4F2D-AF70-544BB0559F60}"
EndProject
Project("{FAE04EC0-301F-11D3-BF4B-00C04F79EFBC}") = "HarjoitystyoV1", "HarjoitystyoV1\HarjoitystyoV1.csproj", "{42C2E7A8-4AA9-4091-896C-3A64B969DA98}"
EndProject
Project("{FAE04EC0-301F-11D3-BF4B-00C04F79EFBC}") = "EngineV1", "EngineV1\EngineV1.csproj", "{954B2491-6FDD-4F76-9866-5BA0F7C896D8}"
EndProject
Global
	GlobalSection(SolutionConfigurationPlatforms) = preSolution
		Debug|Any CPU = Debug|Any CPU
		Release|Any CPU = Release|Any CPU
	EndGlobalSection
	GlobalSection(ProjectConfigurationPlatforms) = postSolution
		{C1062C23-0B47-4684-99B1-D18F27AC987F}.Debug|Any CPU.ActiveCfg = Debug|Any CPU
		{C1062C23-0B47-4684-99B1-D18F27AC987F}.Debug|Any CPU.Build.0 = Debug|Any CPU
		{C1062C23-0B47-4684-99B1-D18F27AC987F}.Release|Any CPU.ActiveCfg = Release|Any CPU
		{C1062C23-0B47-4684-99B1-D18F27AC987F}.Release|Any CPU.Build.0 = Release|Any CPU
		{A2C11D11-D262-4572-8DE9-A6ACE353369A}.Debug|Any CPU.ActiveCfg = Debug|Any CPU
		{A2C11D11-D262-4572-8DE9-A6ACE353369A}.Debug|Any CPU.Build.0 = Debug|Any CPU
		{A2C11D11-D262-4572-8DE9-A6ACE353369A}.Release|Any CPU.ActiveCfg = Release|Any CPU
		{A2C11D11-D262-4572-8DE9-A6ACE353369A}.Release|Any CPU.Build.0 = Release|Any CPU
		{51BF943B-0CB4-4615-AD8F-ED9FC93D7AD4}.Debug|Any CPU.ActiveCfg = Debug|Any CPU
		{51BF943B-0CB4-4615-AD8F-ED9FC93D7AD4}.Debug|Any CPU.Build.0 = Debug|Any CPU
		{51BF943B-0CB4-4615-AD8F-ED9FC93D7AD4}.Release|Any CPU.ActiveCfg = Release|Any CPU
		{51BF943B-0CB4-4615-AD8F-ED9FC93D7AD4}.Release|Any CPU.Build.0 = Release|Any CPU
		{D7A49695-5EC3-4E4E-A90E-E3A97750F49C}.Debug|Any CPU.ActiveCfg = Debug|Any CPU
		{D7A49695-5EC3-4E4E-A90E-E3A97750F49C}.Debug|Any CPU.Build.0 = Debug|Any CPU
		{D7A49695-5EC3-4E4E-A90E-E3A97750F49C}.Release|Any CPU.ActiveCfg = Release|Any CPU
		{D7A49695-5EC3-4E4E-A90E-E3A97750F49C}.Release|Any CPU.Build.0 = Release|Any CPU
		{F6EA9EE7-454F-4F2D-AF70-544BB0559F60}.Debug|Any CPU.ActiveCfg = Debug|Any CPU
		{F6EA9EE7-454F-4F2D-AF70-544BB0559F60}.Debug|Any CPU.Build.0 = Debug|Any CPU
		{F6EA9EE7-454F-4F2D-AF70-544BB0559F60}.Release|Any CPU.ActiveCfg = Release|Any CPU
		{F6EA9EE7-454F-4F2D-AF70-544BB0559F60}.Release|Any CPU.Build.0 = Release|Any CPU
		{42C2E7A8-4AA9-4091-896C-3A64B969DA98}.Debug|Any CPU.ActiveCfg = Debug|Any CPU
		{42C2E7A8-4AA9-4091-896C-3A64B969DA98}.Debug|Any CPU.Build.0 = Debug|Any CPU
		{42C2E7A8-4AA9-4091-896C-3A64B969DA98}.Release|Any CPU.ActiveCfg = Release|Any CPU
		{42C2E7A8-4AA9-4091-896C-3A64B969DA98}.Release|Any CPU.Build.0 = Release|Any CPU
		{954B2491-6FDD-4F76-9866-5BA0F7C896D8}.Debug|Any CPU.ActiveCfg = Debug|Any CPU
		{954B2491-6FDD-4F76-9866-5BA0F7C896D8}.Debug|Any CPU.Build.0 = Debug|Any CPU
		{954B2491-6FDD-4F76-9866-5BA0F7C896D8}.Release|Any CPU.ActiveCfg = Release|Any CPU
		{954B2491-6FDD-4F76-9866-5BA0F7C896D8}.Release|Any CPU.Build.0 = Release|Any CPU
	EndGlobalSection
	GlobalSection(SolutionProperties) = preSolution
		HideSolutionNode = FALSE
	EndGlobalSection
EndGlobal
